{
    "name": "weldRobot3d 2",
    "version": "1.0.1",
    "lockfileVersion": 3,
    "requires": true,
    "packages": {
        "": {
            "version": "1.0.1",
            "dependencies": {
                "@foxglove/cdr": "^3.5.0",
                "@foxglove/rosmsg": "^5.0.5",
                "@foxglove/rosmsg2-serialization": "^3.0.3",
                "@foxglove/ws-protocol": "^0.8.0",
                "text-decoding": "^1.0.0"
            }
        },
        "node_modules/@foxglove/cdr": {
            "version": "3.5.0",
            "resolved": "https://registry.npmjs.org/@foxglove/cdr/-/cdr-3.5.0.tgz",
            "integrity": "sha512-trj8uB+J71SuW9g8TbbDgTbvqrmUHQjh5uhqBAraBhg4hxm7aG9AFPvz34yJ/XZnl28x0NuLjptJYKNSUlgM9Q==",
            "engines": {
                "node": ">= 14"
            }
        },
        "node_modules/@foxglove/message-definition": {
            "version": "0.5.0",
            "resolved": "https://registry.npmjs.org/@foxglove/message-definition/-/message-definition-0.5.0.tgz",
            "integrity": "sha512-B/2GvWn4wRSsPDywcmy6uNXgAfZRhiOAnmy3qAaS6MHVqiHQqs/RoDsoW6Gw9sXSweJpeH5qAqAihvm1pR9Thg=="
        },
        "node_modules/@foxglove/rosmsg": {
            "version": "5.0.5",
            "resolved": "https://registry.npmjs.org/@foxglove/rosmsg/-/rosmsg-5.0.5.tgz",
            "integrity": "sha512-+qY6xW+4HdbPI3ItAlFFMjXgAiplXyRsv+kqdBk8OcWGH38BmEd7s6v/VnCkbYovAoB5rfR5giuKfmPRNzwbrA==",
            "dependencies": {
                "@foxglove/message-definition": "0.5.0",
                "md5-typescript": "^1.0.5"
            },
            "engines": {
                "node": ">= 14"
            }
        },
        "node_modules/@foxglove/rosmsg2-serialization": {
            "version": "3.0.3",
            "resolved": "https://registry.npmjs.org/@foxglove/rosmsg2-serialization/-/rosmsg2-serialization-3.0.3.tgz",
            "integrity": "sha512-fKxtYQjQr8BrnS3p4EpsDg7kBP+SCJkryQMnCVZGJ4YUkZomT/xSkmOomJY1CDcVI5SGVig47FNQ65c9qAAlEg==",
            "dependencies": {
                "@foxglove/cdr": "^3.4.0",
                "@foxglove/message-definition": "0.5.0",
                "@foxglove/rostime": "^1.1.2"
            },
            "engines": {
                "node": ">= 20"
            }
        },
        "node_modules/@foxglove/rostime": {
            "version": "1.1.2",
            "resolved": "https://registry.npmjs.org/@foxglove/rostime/-/rostime-1.1.2.tgz",
            "integrity": "sha512-vWuTJCuGv0xvgwOlrZ1y2MevmNMVxWcUU/HwlmYXi/jUq/kRaACStU18uyuZ3LzdNKaffkti0rTcXWESaQjwQw==",
            "engines": {
                "node": ">= 14"
            }
        },
        "node_modules/@foxglove/ws-protocol": {
            "version": "0.8.0",
            "resolved": "https://registry.npmjs.org/@foxglove/ws-protocol/-/ws-protocol-0.8.0.tgz",
            "integrity": "sha512-Wh3dlmgoCr3D9D8c3Wk2GXvyMiftScItFT6LKK1apJZagElod2PQBPdyVN/GXATOvavKhw97eMGrcDTU7vekVw==",
            "dependencies": {
                "debug": "^4",
                "eventemitter3": "^5.0.1",
                "tslib": "^2.8.1"
            }
        },
        "node_modules/debug": {
            "version": "4.4.3",
            "resolved": "https://registry.npmjs.org/debug/-/debug-4.4.3.tgz",
            "integrity": "sha512-RGwwWnwQvkVfavKVt22FGLw+xYSdzARwm0ru6DhTVA3umU5hZc28V3kO4stgYryrTlLpuvgI9GiijltAjNbcqA==",
            "dependencies": {
                "ms": "^2.1.3"
            },
            "engines": {
                "node": ">=6.0"
            },
            "peerDependenciesMeta": {
                "supports-color": {
                    "optional": true
                }
            }
        },
        "node_modules/eventemitter3": {
            "version": "5.0.1",
            "resolved": "https://registry.npmjs.org/eventemitter3/-/eventemitter3-5.0.1.tgz",
            "integrity": "sha512-GWkBvjiSZK87ELrYOSESUYeVIc9mvLLf/nXalMOS5dYrgZq9o5OVkbZAVM06CVxYsCwH9BDZFPlQTlPA1j4ahA=="
        },
        "node_modules/md5-typescript": {
            "version": "1.0.5",
            "resolved": "https://registry.npmjs.org/md5-typescript/-/md5-typescript-1.0.5.tgz",
            "integrity": "sha512-ovAc4EtiNt2dY8JPhPr/wkC9h4U5k/nuClNVcG0Ga3V1rMlYpAY24ZaaymFXJlz+ccJ6UMPo3FSaVKe7czBsXw=="
        },
        "node_modules/ms": {
            "version": "2.1.3",
            "resolved": "https://registry.npmjs.org/ms/-/ms-2.1.3.tgz",
            "integrity": "sha512-6FlzubTLZG3J2a/NVCAleEhjzq5oxgHyaCU9yYXvcLsvoVaHJq/s5xXI6/XXP6tz7R9xAOtHnSO/tXtF3WRTlA=="
        },
        "node_modules/text-decoding": {
            "version": "1.0.0",
            "resolved": "https://registry.npmjs.org/text-decoding/-/text-decoding-1.0.0.tgz",
            "integrity": "sha512-/0TJD42KDnVwKmDK6jj3xP7E2MG7SHAOG4tyTgyUCRPdHwvkquYNLEQltmdMa3owq3TkddCVcTsoctJI8VQNKA=="
        },
        "node_modules/tslib": {
            "version": "2.8.1",
            "resolved": "https://registry.npmjs.org/tslib/-/tslib-2.8.1.tgz",
            "integrity": "sha512-oJFu94HQb+KVduSUQL7wnpmqnfmLsOA/nAh6b6EH0wCEoK0/mPeXU6c3wKDV83MkOuHPRHtSXKKU99IBazS/2w=="
        }
    }
}
